// !$*UTF8*$!
{
	archiveVersion = 1;
	classes = {
	};
	objectVersion = 50;
	objects = {

/* Begin PBXBuildFile section */
		C61FA09AE20E678E5B2752A9 /* Pods_HighFiveSquare.framework in Frameworks */ = {isa = PBXBuildFile; fileRef = A4BFDEFDFEDF643750F0FF18 /* Pods_HighFiveSquare.framework */; };
		FCD59C61273AE5B400C496AB /* AppDelegate.swift in Sources */ = {isa = PBXBuildFile; fileRef = FCD59C60273AE5B400C496AB /* AppDelegate.swift */; };
		FCD59C63273AE5B400C496AB /* SceneDelegate.swift in Sources */ = {isa = PBXBuildFile; fileRef = FCD59C62273AE5B400C496AB /* SceneDelegate.swift */; };
		FCD59C65273AE5B400C496AB /* ViewController.swift in Sources */ = {isa = PBXBuildFile; fileRef = FCD59C64273AE5B400C496AB /* ViewController.swift */; };
		FCD59C68273AE5B400C496AB /* Main.storyboard in Resources */ = {isa = PBXBuildFile; fileRef = FCD59C66273AE5B400C496AB /* Main.storyboard */; };
		FCD59C6A273AE5C600C496AB /* Assets.xcassets in Resources */ = {isa = PBXBuildFile; fileRef = FCD59C69273AE5C600C496AB /* Assets.xcassets */; };
		FCD59C6D273AE5C600C496AB /* LaunchScreen.storyboard in Resources */ = {isa = PBXBuildFile; fileRef = FCD59C6B273AE5C600C496AB /* LaunchScreen.storyboard */; };
/* End PBXBuildFile section */

/* Begin PBXFileReference section */
		A4BFDEFDFEDF643750F0FF18 /* Pods_HighFiveSquare.framework */ = {isa = PBXFileReference; explicitFileType = wrapper.framework; includeInIndex = 0; path = Pods_HighFiveSquare.framework; sourceTree = BUILT_PRODUCTS_DIR; };
		A891C1E7C7804B56AF908C99 /* Pods-HighFiveSquare.debug.xcconfig */ = {isa = PBXFileReference; includeInIndex = 1; lastKnownFileType = text.xcconfig; name = "Pods-HighFiveSquare.debug.xcconfig"; path = "Target Support Files/Pods-HighFiveSquare/Pods-HighFiveSquare.debug.xcconfig"; sourceTree = "<group>"; };
		E1A9A55A83D8C6068AB9F379 /* Pods-HighFiveSquare.release.xcconfig */ = {isa = PBXFileReference; includeInIndex = 1; lastKnownFileType = text.xcconfig; name = "Pods-HighFiveSquare.release.xcconfig"; path = "Target Support Files/Pods-HighFiveSquare/Pods-HighFiveSquare.release.xcconfig"; sourceTree = "<group>"; };
		FCD59C5D273AE5B400C496AB /* HighFiveSquare.app */ = {isa = PBXFileReference; explicitFileType = wrapper.application; includeInIndex = 0; path = HighFiveSquare.app; sourceTree = BUILT_PRODUCTS_DIR; };
		FCD59C60273AE5B400C496AB /* AppDelegate.swift */ = {isa = PBXFileReference; lastKnownFileType = sourcecode.swift; path = AppDelegate.swift; sourceTree = "<group>"; };
		FCD59C62273AE5B400C496AB /* SceneDelegate.swift */ = {isa = PBXFileReference; lastKnownFileType = sourcecode.swift; path = SceneDelegate.swift; sourceTree = "<group>"; };
		FCD59C64273AE5B400C496AB /* ViewController.swift */ = {isa = PBXFileReference; lastKnownFileType = sourcecode.swift; path = ViewController.swift; sourceTree = "<group>"; };
		FCD59C67273AE5B400C496AB /* Base */ = {isa = PBXFileReference; lastKnownFileType = file.storyboard; name = Base; path = Base.lproj/Main.storyboard; sourceTree = "<group>"; };
		FCD59C69273AE5C600C496AB /* Assets.xcassets */ = {isa = PBXFileReference; lastKnownFileType = folder.assetcatalog; path = Assets.xcassets; sourceTree = "<group>"; };
		FCD59C6C273AE5C600C496AB /* Base */ = {isa = PBXFileReference; lastKnownFileType = file.storyboard; name = Base; path = Base.lproj/LaunchScreen.storyboard; sourceTree = "<group>"; };
		FCD59C6E273AE5C600C496AB /* Info.plist */ = {isa = PBXFileReference; lastKnownFileType = text.plist.xml; path = Info.plist; sourceTree = "<group>"; };
/* End PBXFileReference section */

/* Begin PBXFrameworksBuildPhase section */
		FCD59C5A273AE5B400C496AB /* Frameworks */ = {
			isa = PBXFrameworksBuildPhase;
			buildActionMask = 2147483647;
			files = (
				C61FA09AE20E678E5B2752A9 /* Pods_HighFiveSquare.framework in Frameworks */,
			);
			runOnlyForDeploymentPostprocessing = 0;
		};
/* End PBXFrameworksBuildPhase section */

/* Begin PBXGroup section */
		079949C59076F1D88A3D71BB /* Pods */ = {
			isa = PBXGroup;
			children = (
				A891C1E7C7804B56AF908C99 /* Pods-HighFiveSquare.debug.xcconfig */,
				E1A9A55A83D8C6068AB9F379 /* Pods-HighFiveSquare.release.xcconfig */,
			);
			name = Pods;
			path = Pods;
			sourceTree = "<group>";
		};
		E6325C27E1AB06E6C153C0C6 /* Frameworks */ = {
			isa = PBXGroup;
			children = (
				A4BFDEFDFEDF643750F0FF18 /* Pods_HighFiveSquare.framework */,
			);
			name = Frameworks;
			sourceTree = "<group>";
		};
		FCD59C54273AE5B400C496AB = {
			isa = PBXGroup;
			children = (
				FCD59C5F273AE5B400C496AB /* HighFiveSquare */,
				FCD59C5E273AE5B400C496AB /* Products */,
				079949C59076F1D88A3D71BB /* Pods */,
				E6325C27E1AB06E6C153C0C6 /* Frameworks */,
			);
			sourceTree = "<group>";
		};
		FCD59C5E273AE5B400C496AB /* Products */ = {
			isa = PBXGroup;
			children = (
				FCD59C5D273AE5B400C496AB /* HighFiveSquare.app */,
			);
			name = Products;
			sourceTree = "<group>";
		};
		FCD59C5F273AE5B400C496AB /* HighFiveSquare */ = {
			isa = PBXGroup;
			children = (
				FCD59C60273AE5B400C496AB /* AppDelegate.swift */,
				FCD59C62273AE5B400C496AB /* SceneDelegate.swift */,
				FCD59C64273AE5B400C496AB /* ViewController.swift */,
				FCD59C66273AE5B400C496AB /* Main.storyboard */,
				FCD59C69273AE5C600C496AB /* Assets.xcassets */,
				FCD59C6B273AE5C600C496AB /* LaunchScreen.storyboard */,
				FCD59C6E273AE5C600C496AB /* Info.plist */,
			);
			path = HighFiveSquare;
			sourceTree = "<group>";
		};
/* End PBXGroup section */

/* Begin PBXNativeTarget section */
		FCD59C5C273AE5B400C496AB /* HighFiveSquare */ = {
			isa = PBXNativeTarget;
			buildConfigurationList = FCD59C71273AE5C600C496AB /* Build configuration list for PBXNativeTarget "HighFiveSquare" */;
			buildPhases = (
				62047749B978CD0DD0AB7FC5 /* [CP] Check Pods Manifest.lock */,
				FCD59C59273AE5B400C496AB /* Sources */,
				FCD59C5A273AE5B400C496AB /* Frameworks */,
				FCD59C5B273AE5B400C496AB /* Resources */,
				A5B471AD553B72D0EB9AFB88 /* [CP] Embed Pods Frameworks */,
			);
			buildRules = (
			);
			dependencies = (
			);
			name = HighFiveSquare;
			productName = HighFiveSquare;
			productReference = FCD59C5D273AE5B400C496AB /* HighFiveSquare.app */;
			productType = "com.apple.product-type.application";
		};
/* End PBXNativeTarget section */

/* Begin PBXProject section */
		FCD59C55273AE5B400C496AB /* Project object */ = {
			isa = PBXProject;
			attributes = {
				LastSwiftUpdateCheck = 1240;
				LastUpgradeCheck = 1240;
				TargetAttributes = {
					FCD59C5C273AE5B400C496AB = {
						CreatedOnToolsVersion = 12.4;
					};
				};
			};
			buildConfigurationList = FCD59C58273AE5B400C496AB /* Build configuration list for PBXProject "HighFiveSquare" */;
			compatibilityVersion = "Xcode 9.3";
			developmentRegion = en;
			hasScannedForEncodings = 0;
			knownRegions = (
				en,
				Base,
			);
			mainGroup = FCD59C54273AE5B400C496AB;
			productRefGroup = FCD59C5E273AE5B400C496AB /* Products */;
			projectDirPath = "";
			projectRoot = "";
			targets = (
				FCD59C5C273AE5B400C496AB /* HighFiveSquare */,
			);
		};
/* End PBXProject section */

/* Begin PBXResourcesBuildPhase section */
		FCD59C5B273AE5B400C496AB /* Resources */ = {
			isa = PBXResourcesBuildPhase;
			buildActionMask = 2147483647;
			files = (
				FCD59C6D273AE5C600C496AB /* LaunchScreen.storyboard in Resources */,
				FCD59C6A273AE5C600C496AB /* Assets.xcassets in Resources */,
				FCD59C68273AE5B400C496AB /* Main.storyboard in Resources */,
			);
			runOnlyForDeploymentPostprocessing = 0;
		};
/* End PBXResourcesBuildPhase section */

/* Begin PBXShellScriptBuildPhase section */
		62047749B978CD0DD0AB7FC5 /* [CP] Check Pods Manifest.lock */ = {
			isa = PBXShellScriptBuildPhase;
			buildActionMask = 2147483647;
			files = (
			);
			inputFileListPaths = (
			);
			inputPaths = (
				"${PODS_PODFILE_DIR_PATH}/Podfile.lock",
				"${PODS_ROOT}/Manifest.lock",
			);
			name = "[CP] Check Pods Manifest.lock";
			outputFileListPaths = (
			);
			outputPaths = (
				"$(DERIVED_FILE_DIR)/Pods-HighFiveSquare-checkManifestLockResult.txt",
			);
			runOnlyForDeploymentPostprocessing = 0;
			shellPath = /bin/sh;
			shellScript = "diff \"${PODS_PODFILE_DIR_PATH}/Podfile.lock\" \"${PODS_ROOT}/Manifest.lock\" > /dev/null\nif [ $? != 0 ] ; then\n    # print error to STDERR\n    echo \"error: The sandbox is not in sync with the Podfile.lock. Run 'pod install' or update your CocoaPods installation.\" >&2\n    exit 1\nfi\n# This output is used by Xcode 'outputs' to avoid re-running this script phase.\necho \"SUCCESS\" > \"${SCRIPT_OUTPUT_FILE_0}\"\n";
			showEnvVarsInLog = 0;
		};
		A5B471AD553B72D0EB9AFB88 /* [CP] Embed Pods Frameworks */ = {
			isa = PBXShellScriptBuildPhase;
			buildActionMask = 2147483647;
			files = (
			);
			inputFileListPaths = (
				"${PODS_ROOT}/Target Support Files/Pods-HighFiveSquare/Pods-HighFiveSquare-frameworks-${CONFIGURATION}-input-files.xcfilelist",
			);
			name = "[CP] Embed Pods Frameworks";
			outputFileListPaths = (
				"${PODS_ROOT}/Target Support Files/Pods-HighFiveSquare/Pods-HighFiveSquare-frameworks-${CONFIGURATION}-output-files.xcfilelist",
			);
			runOnlyForDeploymentPostprocessing = 0;
			shellPath = /bin/sh;
			shellScript = "\"${PODS_ROOT}/Target Support Files/Pods-HighFiveSquare/Pods-HighFiveSquare-frameworks.sh\"\n";
			showEnvVarsInLog = 0;
		};
/* End PBXShellScriptBuildPhase section */

/* Begin PBXSourcesBuildPhase section */
		FCD59C59273AE5B400C496AB /* Sources */ = {
			isa = PBXSourcesBuildPhase;
			buildActionMask = 2147483647;
			files = (
				FCD59C65273AE5B400C496AB /* ViewController.swift in Sources */,
				FCD59C61273AE5B400C496AB /* AppDelegate.swift in Sources */,
				FCD59C63273AE5B400C496AB /* SceneDelegate.swift in Sources */,
			);
			runOnlyForDeploymentPostprocessing = 0;
		};
/* End PBXSourcesBuildPhase section */

/* Begin PBXVariantGroup section */
		FCD59C66273AE5B400C496AB /* Main.storyboard */ = {
			isa = PBXVariantGroup;
			children = (
				FCD59C67273AE5B400C496AB /* Base */,
			);
			name = Main.storyboard;
			sourceTree = "<group>";
		};
		FCD59C6B273AE5C600C496AB /* LaunchScreen.storyboard */ = {
			isa = PBXVariantGroup;
			children = (
				FCD59C6C273AE5C600C496AB /* Base */,
			);
			name = LaunchScreen.storyboard;
			sourceTree = "<group>";
		};
/* End PBXVariantGroup section */

/* Begin XCBuildConfiguration section */
		FCD59C6F273AE5C600C496AB /* Debug */ = {
			isa = XCBuildConfiguration;
			buildSettings = {
				ALWAYS_SEARCH_USER_PATHS = NO;
				CLANG_ANALYZER_NONNULL = YES;
				CLANG_ANALYZER_NUMBER_OBJECT_CONVERSION = YES_AGGRESSIVE;
				CLANG_CXX_LANGUAGE_STANDARD = "gnu++14";
				CLANG_CXX_LIBRARY = "libc++";
				CLANG_ENABLE_MODULES = YES;
				CLANG_ENABLE_OBJC_ARC = YES;
				CLANG_ENABLE_OBJC_WEAK = YES;
				CLANG_WARN_BLOCK_CAPTURE_AUTORELEASING = YES;
				CLANG_WARN_BOOL_CONVERSION = YES;
				CLANG_WARN_COMMA = YES;
				CLANG_WARN_CONSTANT_CONVERSION = YES;
				CLANG_WARN_DEPRECATED_OBJC_IMPLEMENTATIONS = YES;
				CLANG_WARN_DIRECT_OBJC_ISA_USAGE = YES_ERROR;
				CLANG_WARN_DOCUMENTATION_COMMENTS = YES;
				CLANG_WARN_EMPTY_BODY = YES;
				CLANG_WARN_ENUM_CONVERSION = YES;
				CLANG_WARN_INFINITE_RECURSION = YES;
				CLANG_WARN_INT_CONVERSION = YES;
				CLANG_WARN_NON_LITERAL_NULL_CONVERSION = YES;
				CLANG_WARN_OBJC_IMPLICIT_RETAIN_SELF = YES;
				CLANG_WARN_OBJC_LITERAL_CONVERSION = YES;
				CLANG_WARN_OBJC_ROOT_CLASS = YES_ERROR;
				CLANG_WARN_QUOTED_INCLUDE_IN_FRAMEWORK_HEADER = YES;
				CLANG_WARN_RANGE_LOOP_ANALYSIS = YES;
				CLANG_WARN_STRICT_PROTOTYPES = YES;
				CLANG_WARN_SUSPICIOUS_MOVE = YES;
				CLANG_WARN_UNGUARDED_AVAILABILITY = YES_AGGRESSIVE;
				CLANG_WARN_UNREACHABLE_CODE = YES;
				CLANG_WARN__DUPLICATE_METHOD_MATCH = YES;
				COPY_PHASE_STRIP = NO;
				DEBUG_INFORMATION_FORMAT = dwarf;
				ENABLE_STRICT_OBJC_MSGSEND = YES;
				ENABLE_TESTABILITY = YES;
				GCC_C_LANGUAGE_STANDARD = gnu11;
				GCC_DYNAMIC_NO_PIC = NO;
				GCC_NO_COMMON_BLOCKS = YES;
				GCC_OPTIMIZATION_LEVEL = 0;
				GCC_PREPROCESSOR_DEFINITIONS = (
					"DEBUG=1",
					"$(inherited)",
				);
				GCC_WARN_64_TO_32_BIT_CONVERSION = YES;
				GCC_WARN_ABOUT_RETURN_TYPE = YES_ERROR;
				GCC_WARN_UNDECLARED_SELECTOR = YES;
				GCC_WARN_UNINITIALIZED_AUTOS = YES_AGGRESSIVE;
				GCC_WARN_UNUSED_FUNCTION = YES;
				GCC_WARN_UNUSED_VARIABLE = YES;
				IPHONEOS_DEPLOYMENT_TARGET = 14.4;
				MTL_ENABLE_DEBUG_INFO = INCLUDE_SOURCE;
				MTL_FAST_MATH = YES;
				ONLY_ACTIVE_ARCH = YES;
				SDKROOT = iphoneos;
				SWIFT_ACTIVE_COMPILATION_CONDITIONS = DEBUG;
				SWIFT_OPTIMIZATION_LEVEL = "-Onone";
			};
			name = Debug;
		};
		FCD59C70273AE5C600C496AB /* Release */ = {
			isa = XCBuildConfiguration;
			buildSettings = {
				ALWAYS_SEARCH_USER_PATHS = NO;
				CLANG_ANALYZER_NONNULL = YES;
				CLANG_ANALYZER_NUMBER_OBJECT_CONVERSION = YES_AGGRESSIVE;
				CLANG_CXX_LANGUAGE_STANDARD = "gnu++14";
				CLANG_CXX_LIBRARY = "libc++";
				CLANG_ENABLE_MODULES = YES;
				CLANG_ENABLE_OBJC_ARC = YES;
				CLANG_ENABLE_OBJC_WEAK = YES;
				CLANG_WARN_BLOCK_CAPTURE_AUTORELEASING = YES;
				CLANG_WARN_BOOL_CONVERSION = YES;
				CLANG_WARN_COMMA = YES;
				CLANG_WARN_CONSTANT_CONVERSION = YES;
				CLANG_WARN_DEPRECATED_OBJC_IMPLEMENTATIONS = YES;
				CLANG_WARN_DIRECT_OBJC_ISA_USAGE = YES_ERROR;
				CLANG_WARN_DOCUMENTATION_COMMENTS = YES;
				CLANG_WARN_EMPTY_BODY = YES;
				CLANG_WARN_ENUM_CONVERSION = YES;
				CLANG_WARN_INFINITE_RECURSION = YES;
				CLANG_WARN_INT_CONVERSION = YES;
				CLANG_WARN_NON_LITERAL_NULL_CONVERSION = YES;
				CLANG_WARN_OBJC_IMPLICIT_RETAIN_SELF = YES;
				CLANG_WARN_OBJC_LITERAL_CONVERSION = YES;
				CLANG_WARN_OBJC_ROOT_CLASS = YES_ERROR;
				CLANG_WARN_QUOTED_INCLUDE_IN_FRAMEWORK_HEADER = YES;
				CLANG_WARN_RANGE_LOOP_ANALYSIS = YES;
				CLANG_WARN_STRICT_PROTOTYPES = YES;
				CLANG_WARN_SUSPICIOUS_MOVE = YES;
				CLANG_WARN_UNGUARDED_AVAILABILITY = YES_AGGRESSIVE;
				CLANG_WARN_UNREACHABLE_CODE = YES;
				CLANG_WARN__DUPLICATE_METHOD_MATCH = YES;
				COPY_PHASE_STRIP = NO;
				DEBUG_INFORMATION_FORMAT = "dwarf-with-dsym";
				ENABLE_NS_ASSERTIONS = NO;
				ENABLE_STRICT_OBJC_MSGSEND = YES;
				GCC_C_LANGUAGE_STANDARD = gnu11;
				GCC_NO_COMMON_BLOCKS = YES;
				GCC_WARN_64_TO_32_BIT_CONVERSION = YES;
				GCC_WARN_ABOUT_RETURN_TYPE = YES_ERROR;
				GCC_WARN_UNDECLARED_SELECTOR = YES;
				GCC_WARN_UNINITIALIZED_AUTOS = YES_AGGRESSIVE;
				GCC_WARN_UNUSED_FUNCTION = YES;
				GCC_WARN_UNUSED_VARIABLE = YES;
				IPHONEOS_DEPLOYMENT_TARGET = 14.4;
				MTL_ENABLE_DEBUG_INFO = NO;
				MTL_FAST_MATH = YES;
				SDKROOT = iphoneos;
				SWIFT_COMPILATION_MODE = wholemodule;
				SWIFT_OPTIMIZATION_LEVEL = "-O";
				VALIDATE_PRODUCT = YES;
			};
			name = Release;
		};
		FCD59C72273AE5C600C496AB /* Debug */ = {
			isa = XCBuildConfiguration;
			baseConfigurationReference = A891C1E7C7804B56AF908C99 /* Pods-HighFiveSquare.debug.xcconfig */;
			buildSettings = {
				ASSETCATALOG_COMPILER_APPICON_NAME = AppIcon;
				ASSETCATALOG_COMPILER_GLOBAL_ACCENT_COLOR_NAME = AccentColor;
				CODE_SIGN_STYLE = Automatic;
				DEVELOPMENT_TEAM = DP2357V4FR;
				INFOPLIST_FILE = HighFiveSquare/Info.plist;
				LD_RUNPATH_SEARCH_PATHS = (
					"$(inherited)",
					"@executable_path/Frameworks",
				);
				PRODUCT_BUNDLE_IDENTIFIER = herbin.HighFiveSquare;
				PRODUCT_NAME = "$(TARGET_NAME)";
				SWIFT_VERSION = 5.0;
				TARGETED_DEVICE_FAMILY = "1,2";
			};
			name = Debug;
		};
		FCD59C73273AE5C600C496AB /* Release */ = {
			isa = XCBuildConfiguration;
			baseConfigurationReference = E1A9A55A83D8C6068AB9F379 /* Pods-HighFiveSquare.release.xcconfig */;
			buildSettings = {
				ASSETCATALOG_COMPILER_APPICON_NAME = AppIcon;
				ASSETCATALOG_COMPILER_GLOBAL_ACCENT_COLOR_NAME = AccentColor;
				CODE_SIGN_STYLE = Automatic;
				DEVELOPMENT_TEAM = DP2357V4FR;
				INFOPLIST_FILE = HighFiveSquare/Info.plist;
				LD_RUNPATH_SEARCH_PATHS = (
					"$(inherited)",
					"@executable_path/Frameworks",
				);
				PRODUCT_BUNDLE_IDENTIFIER = herbin.HighFiveSquare;
				PRODUCT_NAME = "$(TARGET_NAME)";
				SWIFT_VERSION = 5.0;
				TARGETED_DEVICE_FAMILY = "1,2";
			};
			name = Release;
		};
/* End XCBuildConfiguration section */

/* Begin XCConfigurationList section */
		FCD59C58273AE5B400C496AB /* Build configuration list for PBXProject "HighFiveSquare" */ = {
			isa = XCConfigurationList;
			buildConfigurations = (
				FCD59C6F273AE5C600C496AB /* Debug */,
				FCD59C70273AE5C600C496AB /* Release */,
			);
			defaultConfigurationIsVisible = 0;
			defaultConfigurationName = Release;
		};
		FCD59C71273AE5C600C496AB /* Build configuration list for PBXNativeTarget "HighFiveSquare" */ = {
			isa = XCConfigurationList;
			buildConfigurations = (
				FCD59C72273AE5C600C496AB /* Debug */,
				FCD59C73273AE5C600C496AB /* Release */,
			);
			defaultConfigurationIsVisible = 0;
			defaultConfigurationName = Release;
		};
/* End XCConfigurationList section */
	};
	rootObject = FCD59C55273AE5B400C496AB /* Project object */;
}
